
Microsoft Visual Studio Solution File, Format Version 12.00
# Visual Studio 15
VisualStudioVersion = 15.0.27130.2024
MinimumVisualStudioVersion = 15.0.26124.0
Project("{9A19103F-16F7-4668-BE54-9A1E7A4F7556}") = "coremvc2", "coremvc2.csproj", "{3AB95BDE-0BDE-4E3D-BFCF-F89479D86540}"
EndProject
Project("{FAE04EC0-301F-11D3-BF4B-00C04F79EFBC}") = "coremvc2.test", "coremvc2.test\coremvc2.test.csproj", "{004B67B4-2367-4837-AF91-98EDF791B5AF}"
EndProject
Global
	GlobalSection(SolutionConfigurationPlatforms) = preSolution
		Debug|Any CPU = Debug|Any CPU
		Debug|x64 = Debug|x64
		Debug|x86 = Debug|x86
		Release|Any CPU = Release|Any CPU
		Release|x64 = Release|x64
		Release|x86 = Release|x86
	EndGlobalSection
	GlobalSection(ProjectConfigurationPlatforms) = postSolution
		{3AB95BDE-0BDE-4E3D-BFCF-F89479D86540}.Debug|Any CPU.ActiveCfg = Debug|Any CPU
		{3AB95BDE-0BDE-4E3D-BFCF-F89479D86540}.Debug|Any CPU.Build.0 = Debug|Any CPU
		{3AB95BDE-0BDE-4E3D-BFCF-F89479D86540}.Debug|x64.ActiveCfg = Debug|Any CPU
		{3AB95BDE-0BDE-4E3D-BFCF-F89479D86540}.Debug|x64.Build.0 = Debug|Any CPU
		{3AB95BDE-0BDE-4E3D-BFCF-F89479D86540}.Debug|x86.ActiveCfg = Debug|Any CPU
		{3AB95BDE-0BDE-4E3D-BFCF-F89479D86540}.Debug|x86.Build.0 = Debug|Any CPU
		{3AB95BDE-0BDE-4E3D-BFCF-F89479D86540}.Release|Any CPU.ActiveCfg = Release|Any CPU
		{3AB95BDE-0BDE-4E3D-BFCF-F89479D86540}.Release|Any CPU.Build.0 = Release|Any CPU
		{3AB95BDE-0BDE-4E3D-BFCF-F89479D86540}.Release|x64.ActiveCfg = Release|Any CPU
		{3AB95BDE-0BDE-4E3D-BFCF-F89479D86540}.Release|x64.Build.0 = Release|Any CPU
		{3AB95BDE-0BDE-4E3D-BFCF-F89479D86540}.Release|x86.ActiveCfg = Release|Any CPU
		{3AB95BDE-0BDE-4E3D-BFCF-F89479D86540}.Release|x86.Build.0 = Release|Any CPU
		{004B67B4-2367-4837-AF91-98EDF791B5AF}.Debug|Any CPU.ActiveCfg = Debug|Any CPU
		{004B67B4-2367-4837-AF91-98EDF791B5AF}.Debug|Any CPU.Build.0 = Debug|Any CPU
		{004B67B4-2367-4837-AF91-98EDF791B5AF}.Debug|x64.ActiveCfg = Debug|Any CPU
		{004B67B4-2367-4837-AF91-98EDF791B5AF}.Debug|x64.Build.0 = Debug|Any CPU
		{004B67B4-2367-4837-AF91-98EDF791B5AF}.Debug|x86.ActiveCfg = Debug|Any CPU
		{004B67B4-2367-4837-AF91-98EDF791B5AF}.Debug|x86.Build.0 = Debug|Any CPU
		{004B67B4-2367-4837-AF91-98EDF791B5AF}.Release|Any CPU.ActiveCfg = Release|Any CPU
		{004B67B4-2367-4837-AF91-98EDF791B5AF}.Release|Any CPU.Build.0 = Release|Any CPU
		{004B67B4-2367-4837-AF91-98EDF791B5AF}.Release|x64.ActiveCfg = Release|Any CPU
		{004B67B4-2367-4837-AF91-98EDF791B5AF}.Release|x64.Build.0 = Release|Any CPU
		{004B67B4-2367-4837-AF91-98EDF791B5AF}.Release|x86.ActiveCfg = Release|Any CPU
		{004B67B4-2367-4837-AF91-98EDF791B5AF}.Release|x86.Build.0 = Release|Any CPU
	EndGlobalSection
	GlobalSection(SolutionProperties) = preSolution
		HideSolutionNode = FALSE
	EndGlobalSection
	GlobalSection(ExtensibilityGlobals) = postSolution
		SolutionGuid = {E82E1F11-A4CD-4585-8881-A36DCFBB9F2E}
	EndGlobalSection
EndGlobal
